
Microsoft Visual Studio Solution File, Format Version 12.00
# Visual Studio 14
VisualStudioVersion = 14.0.25420.1
MinimumVisualStudioVersion = 10.0.40219.1
Project("{FAE04EC0-301F-11D3-BF4B-00C04F79EFBC}") = "Egunluk", "Egunluk\Egunluk.csproj", "{D158C3D3-3A20-457C-BF54-8F0E4F63EEA9}"
EndProject
Project("{FAE04EC0-301F-11D3-BF4B-00C04F79EFBC}") = "Egunluk.Tests", "Egunluk.Tests\Egunluk.Tests.csproj", "{7A8E6F96-13EA-40A9-93B3-502C0251A1FA}"
EndProject
Global
	GlobalSection(SolutionConfigurationPlatforms) = preSolution
		Debug|Any CPU = Debug|Any CPU
		Release|Any CPU = Release|Any CPU
	EndGlobalSection
	GlobalSection(ProjectConfigurationPlatforms) = postSolution
		{D158C3D3-3A20-457C-BF54-8F0E4F63EEA9}.Debug|Any CPU.ActiveCfg = Debug|Any CPU
		{D158C3D3-3A20-457C-BF54-8F0E4F63EEA9}.Debug|Any CPU.Build.0 = Debug|Any CPU
		{D158C3D3-3A20-457C-BF54-8F0E4F63EEA9}.Release|Any CPU.ActiveCfg = Release|Any CPU
		{D158C3D3-3A20-457C-BF54-8F0E4F63EEA9}.Release|Any CPU.Build.0 = Release|Any CPU
		{7A8E6F96-13EA-40A9-93B3-502C0251A1FA}.Debug|Any CPU.ActiveCfg = Debug|Any CPU
		{7A8E6F96-13EA-40A9-93B3-502C0251A1FA}.Debug|Any CPU.Build.0 = Debug|Any CPU
		{7A8E6F96-13EA-40A9-93B3-502C0251A1FA}.Release|Any CPU.ActiveCfg = Release|Any CPU
		{7A8E6F96-13EA-40A9-93B3-502C0251A1FA}.Release|Any CPU.Build.0 = Release|Any CPU
	EndGlobalSection
	GlobalSection(SolutionProperties) = preSolution
		HideSolutionNode = FALSE
	EndGlobalSection
EndGlobal
